// !$*UTF8*$!
{
	archiveVersion = 1;
	classes = {
	};
	objectVersion = 46;
	objects = {

/* Begin PBXBuildFile section */
		4BCF570D191A1BAE00454799 /* Foundation.framework in Frameworks */ = {isa = PBXBuildFile; fileRef = 4BCF570C191A1BAE00454799 /* Foundation.framework */; };
		4BCF570F191A1BAE00454799 /* CoreGraphics.framework in Frameworks */ = {isa = PBXBuildFile; fileRef = 4BCF570E191A1BAE00454799 /* CoreGraphics.framework */; };
		4BCF5711191A1BAE00454799 /* UIKit.framework in Frameworks */ = {isa = PBXBuildFile; fileRef = 4BCF5710191A1BAE00454799 /* UIKit.framework */; };
		4BCF5717191A1BAE00454799 /* InfoPlist.strings in Resources */ = {isa = PBXBuildFile; fileRef = 4BCF5715191A1BAE00454799 /* InfoPlist.strings */; };
		4BCF5719191A1BAE00454799 /* main.m in Sources */ = {isa = PBXBuildFile; fileRef = 4BCF5718191A1BAE00454799 /* main.m */; };
		4BCF571D191A1BAE00454799 /* AppDelegate.m in Sources */ = {isa = PBXBuildFile; fileRef = 4BCF571C191A1BAE00454799 /* AppDelegate.m */; };
		4BCF571F191A1BAE00454799 /* Images.xcassets in Resources */ = {isa = PBXBuildFile; fileRef = 4BCF571E191A1BAE00454799 /* Images.xcassets */; };
		4BCF5726191A1BAE00454799 /* XCTest.framework in Frameworks */ = {isa = PBXBuildFile; fileRef = 4BCF5725191A1BAE00454799 /* XCTest.framework */; };
		4BCF5727191A1BAE00454799 /* Foundation.framework in Frameworks */ = {isa = PBXBuildFile; fileRef = 4BCF570C191A1BAE00454799 /* Foundation.framework */; };
		4BCF5728191A1BAE00454799 /* UIKit.framework in Frameworks */ = {isa = PBXBuildFile; fileRef = 4BCF5710191A1BAE00454799 /* UIKit.framework */; };
		4BCF5730191A1BAE00454799 /* InfoPlist.strings in Resources */ = {isa = PBXBuildFile; fileRef = 4BCF572E191A1BAE00454799 /* InfoPlist.strings */; };
		4BCF5732191A1BAE00454799 /* MusicQuizV2Tests.m in Sources */ = {isa = PBXBuildFile; fileRef = 4BCF5731191A1BAE00454799 /* MusicQuizV2Tests.m */; };
/* End PBXBuildFile section */

/* Begin PBXContainerItemProxy section */
		4BCF5729191A1BAE00454799 /* PBXContainerItemProxy */ = {
			isa = PBXContainerItemProxy;
			containerPortal = 4BCF5701191A1BAE00454799 /* Project object */;
			proxyType = 1;
			remoteGlobalIDString = 4BCF5708191A1BAE00454799;
			remoteInfo = MusicQuizV2;
		};
/* End PBXContainerItemProxy section */

/* Begin PBXFileReference section */
		4BCF5709191A1BAE00454799 /* MusicQuizV2.app */ = {isa = PBXFileReference; explicitFileType = wrapper.application; includeInIndex = 0; path = MusicQuizV2.app; sourceTree = BUILT_PRODUCTS_DIR; };
		4BCF570C191A1BAE00454799 /* Foundation.framework */ = {isa = PBXFileReference; lastKnownFileType = wrapper.framework; name = Foundation.framework; path = System/Library/Frameworks/Foundation.framework; sourceTree = SDKROOT; };
		4BCF570E191A1BAE00454799 /* CoreGraphics.framework */ = {isa = PBXFileReference; lastKnownFileType = wrapper.framework; name = CoreGraphics.framework; path = System/Library/Frameworks/CoreGraphics.framework; sourceTree = SDKROOT; };
		4BCF5710191A1BAE00454799 /* UIKit.framework */ = {isa = PBXFileReference; lastKnownFileType = wrapper.framework; name = UIKit.framework; path = System/Library/Frameworks/UIKit.framework; sourceTree = SDKROOT; };
		4BCF5714191A1BAE00454799 /* MusicQuizV2-Info.plist */ = {isa = PBXFileReference; lastKnownFileType = text.plist.xml; path = "MusicQuizV2-Info.plist"; sourceTree = "<group>"; };
		4BCF5716191A1BAE00454799 /* en */ = {isa = PBXFileReference; lastKnownFileType = text.plist.strings; name = en; path = en.lproj/InfoPlist.strings; sourceTree = "<group>"; };
		4BCF5718191A1BAE00454799 /* main.m */ = {isa = PBXFileReference; lastKnownFileType = sourcecode.c.objc; path = main.m; sourceTree = "<group>"; };
		4BCF571A191A1BAE00454799 /* MusicQuizV2-Prefix.pch */ = {isa = PBXFileReference; lastKnownFileType = sourcecode.c.h; path = "MusicQuizV2-Prefix.pch"; sourceTree = "<group>"; };
		4BCF571B191A1BAE00454799 /* AppDelegate.h */ = {isa = PBXFileReference; lastKnownFileType = sourcecode.c.h; path = AppDelegate.h; sourceTree = "<group>"; };
		4BCF571C191A1BAE00454799 /* AppDelegate.m */ = {isa = PBXFileReference; lastKnownFileType = sourcecode.c.objc; path = AppDelegate.m; sourceTree = "<group>"; };
		4BCF571E191A1BAE00454799 /* Images.xcassets */ = {isa = PBXFileReference; lastKnownFileType = folder.assetcatalog; path = Images.xcassets; sourceTree = "<group>"; };
		4BCF5724191A1BAE00454799 /* MusicQuizV2Tests.xctest */ = {isa = PBXFileReference; explicitFileType = wrapper.cfbundle; includeInIndex = 0; path = MusicQuizV2Tests.xctest; sourceTree = BUILT_PRODUCTS_DIR; };
		4BCF5725191A1BAE00454799 /* XCTest.framework */ = {isa = PBXFileReference; lastKnownFileType = wrapper.framework; name = XCTest.framework; path = Library/Frameworks/XCTest.framework; sourceTree = DEVELOPER_DIR; };
		4BCF572D191A1BAE00454799 /* MusicQuizV2Tests-Info.plist */ = {isa = PBXFileReference; lastKnownFileType = text.plist.xml; path = "MusicQuizV2Tests-Info.plist"; sourceTree = "<group>"; };
		4BCF572F191A1BAE00454799 /* en */ = {isa = PBXFileReference; lastKnownFileType = text.plist.strings; name = en; path = en.lproj/InfoPlist.strings; sourceTree = "<group>"; };
		4BCF5731191A1BAE00454799 /* MusicQuizV2Tests.m */ = {isa = PBXFileReference; lastKnownFileType = sourcecode.c.objc; path = MusicQuizV2Tests.m; sourceTree = "<group>"; };
/* End PBXFileReference section */

/* Begin PBXFrameworksBuildPhase section */
		4BCF5706191A1BAE00454799 /* Frameworks */ = {
			isa = PBXFrameworksBuildPhase;
			buildActionMask = 2147483647;
			files = (
				4BCF570F191A1BAE00454799 /* CoreGraphics.framework in Frameworks */,
				4BCF5711191A1BAE00454799 /* UIKit.framework in Frameworks */,
				4BCF570D191A1BAE00454799 /* Foundation.framework in Frameworks */,
			);
			runOnlyForDeploymentPostprocessing = 0;
		};
		4BCF5721191A1BAE00454799 /* Frameworks */ = {
			isa = PBXFrameworksBuildPhase;
			buildActionMask = 2147483647;
			files = (
				4BCF5726191A1BAE00454799 /* XCTest.framework in Frameworks */,
				4BCF5728191A1BAE00454799 /* UIKit.framework in Frameworks */,
				4BCF5727191A1BAE00454799 /* Foundation.framework in Frameworks */,
			);
			runOnlyForDeploymentPostprocessing = 0;
		};
/* End PBXFrameworksBuildPhase section */

/* Begin PBXGroup section */
		4BCF5700191A1BAE00454799 = {
			isa = PBXGroup;
			children = (
				4BCF5712191A1BAE00454799 /* MusicQuizV2 */,
				4BCF572B191A1BAE00454799 /* MusicQuizV2Tests */,
				4BCF570B191A1BAE00454799 /* Frameworks */,
				4BCF570A191A1BAE00454799 /* Products */,
			);
			sourceTree = "<group>";
		};
		4BCF570A191A1BAE00454799 /* Products */ = {
			isa = PBXGroup;
			children = (
				4BCF5709191A1BAE00454799 /* MusicQuizV2.app */,
				4BCF5724191A1BAE00454799 /* MusicQuizV2Tests.xctest */,
			);
			name = Products;
			sourceTree = "<group>";
		};
		4BCF570B191A1BAE00454799 /* Frameworks */ = {
			isa = PBXGroup;
			children = (
				4BCF570C191A1BAE00454799 /* Foundation.framework */,
				4BCF570E191A1BAE00454799 /* CoreGraphics.framework */,
				4BCF5710191A1BAE00454799 /* UIKit.framework */,
				4BCF5725191A1BAE00454799 /* XCTest.framework */,
			);
			name = Frameworks;
			sourceTree = "<group>";
		};
		4BCF5712191A1BAE00454799 /* MusicQuizV2 */ = {
			isa = PBXGroup;
			children = (
				4BCF571B191A1BAE00454799 /* AppDelegate.h */,
				4BCF571C191A1BAE00454799 /* AppDelegate.m */,
				4BCF571E191A1BAE00454799 /* Images.xcassets */,
				4BCF5713191A1BAE00454799 /* Supporting Files */,
			);
			path = MusicQuizV2;
			sourceTree = "<group>";
		};
		4BCF5713191A1BAE00454799 /* Supporting Files */ = {
			isa = PBXGroup;
			children = (
				4BCF5714191A1BAE00454799 /* MusicQuizV2-Info.plist */,
				4BCF5715191A1BAE00454799 /* InfoPlist.strings */,
				4BCF5718191A1BAE00454799 /* main.m */,
				4BCF571A191A1BAE00454799 /* MusicQuizV2-Prefix.pch */,
			);
			name = "Supporting Files";
			sourceTree = "<group>";
		};
		4BCF572B191A1BAE00454799 /* MusicQuizV2Tests */ = {
			isa = PBXGroup;
			children = (
				4BCF5731191A1BAE00454799 /* MusicQuizV2Tests.m */,
				4BCF572C191A1BAE00454799 /* Supporting Files */,
			);
			path = MusicQuizV2Tests;
			sourceTree = "<group>";
		};
		4BCF572C191A1BAE00454799 /* Supporting Files */ = {
			isa = PBXGroup;
			children = (
				4BCF572D191A1BAE00454799 /* MusicQuizV2Tests-Info.plist */,
				4BCF572E191A1BAE00454799 /* InfoPlist.strings */,
			);
			name = "Supporting Files";
			sourceTree = "<group>";
		};
/* End PBXGroup section */

/* Begin PBXNativeTarget section */
		4BCF5708191A1BAE00454799 /* MusicQuizV2 */ = {
			isa = PBXNativeTarget;
			buildConfigurationList = 4BCF5735191A1BAE00454799 /* Build configuration list for PBXNativeTarget "MusicQuizV2" */;
			buildPhases = (
				4BCF5705191A1BAE00454799 /* Sources */,
				4BCF5706191A1BAE00454799 /* Frameworks */,
				4BCF5707191A1BAE00454799 /* Resources */,
			);
			buildRules = (
			);
			dependencies = (
			);
			name = MusicQuizV2;
			productName = MusicQuizV2;
			productReference = 4BCF5709191A1BAE00454799 /* MusicQuizV2.app */;
			productType = "com.apple.product-type.application";
		};
		4BCF5723191A1BAE00454799 /* MusicQuizV2Tests */ = {
			isa = PBXNativeTarget;
			buildConfigurationList = 4BCF5738191A1BAE00454799 /* Build configuration list for PBXNativeTarget "MusicQuizV2Tests" */;
			buildPhases = (
				4BCF5720191A1BAE00454799 /* Sources */,
				4BCF5721191A1BAE00454799 /* Frameworks */,
				4BCF5722191A1BAE00454799 /* Resources */,
			);
			buildRules = (
			);
			dependencies = (
				4BCF572A191A1BAE00454799 /* PBXTargetDependency */,
			);
			name = MusicQuizV2Tests;
			productName = MusicQuizV2Tests;
			productReference = 4BCF5724191A1BAE00454799 /* MusicQuizV2Tests.xctest */;
			productType = "com.apple.product-type.bundle.unit-test";
		};
/* End PBXNativeTarget section */

/* Begin PBXProject section */
		4BCF5701191A1BAE00454799 /* Project object */ = {
			isa = PBXProject;
			attributes = {
				LastUpgradeCheck = 0510;
				ORGANIZATIONNAME = "Luca Gramaglia";
				TargetAttributes = {
					4BCF5723191A1BAE00454799 = {
						TestTargetID = 4BCF5708191A1BAE00454799;
					};
				};
			};
			buildConfigurationList = 4BCF5704191A1BAE00454799 /* Build configuration list for PBXProject "MusicQuizV2" */;
			compatibilityVersion = "Xcode 3.2";
			developmentRegion = English;
			hasScannedForEncodings = 0;
			knownRegions = (
				en,
			);
			mainGroup = 4BCF5700191A1BAE00454799;
			productRefGroup = 4BCF570A191A1BAE00454799 /* Products */;
			projectDirPath = "";
			projectRoot = "";
			targets = (
				4BCF5708191A1BAE00454799 /* MusicQuizV2 */,
				4BCF5723191A1BAE00454799 /* MusicQuizV2Tests */,
			);
		};
/* End PBXProject section */

/* Begin PBXResourcesBuildPhase section */
		4BCF5707191A1BAE00454799 /* Resources */ = {
			isa = PBXResourcesBuildPhase;
			buildActionMask = 2147483647;
			files = (
				4BCF5717191A1BAE00454799 /* InfoPlist.strings in Resources */,
				4BCF571F191A1BAE00454799 /* Images.xcassets in Resources */,
			);
			runOnlyForDeploymentPostprocessing = 0;
		};
		4BCF5722191A1BAE00454799 /* Resources */ = {
			isa = PBXResourcesBuildPhase;
			buildActionMask = 2147483647;
			files = (
				4BCF5730191A1BAE00454799 /* InfoPlist.strings in Resources */,
			);
			runOnlyForDeploymentPostprocessing = 0;
		};
/* End PBXResourcesBuildPhase section */

/* Begin PBXSourcesBuildPhase section */
		4BCF5705191A1BAE00454799 /* Sources */ = {
			isa = PBXSourcesBuildPhase;
			buildActionMask = 2147483647;
			files = (
				4BCF571D191A1BAE00454799 /* AppDelegate.m in Sources */,
				4BCF5719191A1BAE00454799 /* main.m in Sources */,
			);
			runOnlyForDeploymentPostprocessing = 0;
		};
		4BCF5720191A1BAE00454799 /* Sources */ = {
			isa = PBXSourcesBuildPhase;
			buildActionMask = 2147483647;
			files = (
				4BCF5732191A1BAE00454799 /* MusicQuizV2Tests.m in Sources */,
			);
			runOnlyForDeploymentPostprocessing = 0;
		};
/* End PBXSourcesBuildPhase section */

/* Begin PBXTargetDependency section */
		4BCF572A191A1BAE00454799 /* PBXTargetDependency */ = {
			isa = PBXTargetDependency;
			target = 4BCF5708191A1BAE00454799 /* MusicQuizV2 */;
			targetProxy = 4BCF5729191A1BAE00454799 /* PBXContainerItemProxy */;
		};
/* End PBXTargetDependency section */

/* Begin PBXVariantGroup section */
		4BCF5715191A1BAE00454799 /* InfoPlist.strings */ = {
			isa = PBXVariantGroup;
			children = (
				4BCF5716191A1BAE00454799 /* en */,
			);
			name = InfoPlist.strings;
			sourceTree = "<group>";
		};
		4BCF572E191A1BAE00454799 /* InfoPlist.strings */ = {
			isa = PBXVariantGroup;
			children = (
				4BCF572F191A1BAE00454799 /* en */,
			);
			name = InfoPlist.strings;
			sourceTree = "<group>";
		};
/* End PBXVariantGroup section */

/* Begin XCBuildConfiguration section */
		4BCF5733191A1BAE00454799 /* Debug */ = {
			isa = XCBuildConfiguration;
			buildSettings = {
				ALWAYS_SEARCH_USER_PATHS = NO;
				CLANG_CXX_LANGUAGE_STANDARD = "gnu++0x";
				CLANG_CXX_LIBRARY = "libc++";
				CLANG_ENABLE_MODULES = YES;
				CLANG_ENABLE_OBJC_ARC = YES;
				CLANG_WARN_BOOL_CONVERSION = YES;
				CLANG_WARN_CONSTANT_CONVERSION = YES;
				CLANG_WARN_DIRECT_OBJC_ISA_USAGE = YES_ERROR;
				CLANG_WARN_EMPTY_BODY = YES;
				CLANG_WARN_ENUM_CONVERSION = YES;
				CLANG_WARN_INT_CONVERSION = YES;
				CLANG_WARN_OBJC_ROOT_CLASS = YES_ERROR;
				CLANG_WARN__DUPLICATE_METHOD_MATCH = YES;
				"CODE_SIGN_IDENTITY[sdk=iphoneos*]" = "iPhone Developer";
				COPY_PHASE_STRIP = NO;
				GCC_C_LANGUAGE_STANDARD = gnu99;
				GCC_DYNAMIC_NO_PIC = NO;
				GCC_OPTIMIZATION_LEVEL = 0;
				GCC_PREPROCESSOR_DEFINITIONS = (
					"DEBUG=1",
					"$(inherited)",
				);
				GCC_SYMBOLS_PRIVATE_EXTERN = NO;
				GCC_WARN_64_TO_32_BIT_CONVERSION = YES;
				GCC_WARN_ABOUT_RETURN_TYPE = YES_ERROR;
				GCC_WARN_UNDECLARED_SELECTOR = YES;
				GCC_WARN_UNINITIALIZED_AUTOS = YES_AGGRESSIVE;
				GCC_WARN_UNUSED_FUNCTION = YES;
				GCC_WARN_UNUSED_VARIABLE = YES;
				IPHONEOS_DEPLOYMENT_TARGET = 7.1;
				ONLY_ACTIVE_ARCH = YES;
				SDKROOT = iphoneos;
			};
			name = Debug;
		};
		4BCF5734191A1BAE00454799 /* Release */ = {
			isa = XCBuildConfiguration;
			buildSettings = {
				ALWAYS_SEARCH_USER_PATHS = NO;
				CLANG_CXX_LANGUAGE_STANDARD = "gnu++0x";
				CLANG_CXX_LIBRARY = "libc++";
				CLANG_ENABLE_MODULES = YES;
				CLANG_ENABLE_OBJC_ARC = YES;
				CLANG_WARN_BOOL_CONVERSION = YES;
				CLANG_WARN_CONSTANT_CONVERSION = YES;
				CLANG_WARN_DIRECT_OBJC_ISA_USAGE = YES_ERROR;
				CLANG_WARN_EMPTY_BODY = YES;
				CLANG_WARN_ENUM_CONVERSION = YES;
				CLANG_WARN_INT_CONVERSION = YES;
				CLANG_WARN_OBJC_ROOT_CLASS = YES_ERROR;
				CLANG_WARN__DUPLICATE_METHOD_MATCH = YES;
				"CODE_SIGN_IDENTITY[sdk=iphoneos*]" = "iPhone Developer";
				COPY_PHASE_STRIP = YES;
				ENABLE_NS_ASSERTIONS = NO;
				GCC_C_LANGUAGE_STANDARD = gnu99;
				GCC_WARN_64_TO_32_BIT_CONVERSION = YES;
				GCC_WARN_ABOUT_RETURN_TYPE = YES_ERROR;
				GCC_WARN_UNDECLARED_SELECTOR = YES;
				GCC_WARN_UNINITIALIZED_AUTOS = YES_AGGRESSIVE;
				GCC_WARN_UNUSED_FUNCTION = YES;
				GCC_WARN_UNUSED_VARIABLE = YES;
				IPHONEOS_DEPLOYMENT_TARGET = 7.1;
				SDKROOT = iphoneos;
				VALIDATE_PRODUCT = YES;
			};
			name = Release;
		};
		4BCF5736191A1BAE00454799 /* Debug */ = {
			isa = XCBuildConfiguration;
			buildSettings = {
				ASSETCATALOG_COMPILER_APPICON_NAME = AppIcon;
				ASSETCATALOG_COMPILER_LAUNCHIMAGE_NAME = LaunchImage;
				GCC_PRECOMPILE_PREFIX_HEADER = YES;
				GCC_PREFIX_HEADER = "MusicQuizV2/MusicQuizV2-Prefix.pch";
				INFOPLIST_FILE = "MusicQuizV2/MusicQuizV2-Info.plist";
				PRODUCT_NAME = "$(TARGET_NAME)";
				WRAPPER_EXTENSION = app;
			};
			name = Debug;
		};
		4BCF5737191A1BAE00454799 /* Release */ = {
			isa = XCBuildConfiguration;
			buildSettings = {
				ASSETCATALOG_COMPILER_APPICON_NAME = AppIcon;
				ASSETCATALOG_COMPILER_LAUNCHIMAGE_NAME = LaunchImage;
				GCC_PRECOMPILE_PREFIX_HEADER = YES;
				GCC_PREFIX_HEADER = "MusicQuizV2/MusicQuizV2-Prefix.pch";
				INFOPLIST_FILE = "MusicQuizV2/MusicQuizV2-Info.plist";
				PRODUCT_NAME = "$(TARGET_NAME)";
				WRAPPER_EXTENSION = app;
			};
			name = Release;
		};
		4BCF5739191A1BAE00454799 /* Debug */ = {
			isa = XCBuildConfiguration;
			buildSettings = {
				BUNDLE_LOADER = "$(BUILT_PRODUCTS_DIR)/MusicQuizV2.app/MusicQuizV2";
				FRAMEWORK_SEARCH_PATHS = (
					"$(SDKROOT)/Developer/Library/Frameworks",
					"$(inherited)",
					"$(DEVELOPER_FRAMEWORKS_DIR)",
				);
				GCC_PRECOMPILE_PREFIX_HEADER = YES;
				GCC_PREFIX_HEADER = "MusicQuizV2/MusicQuizV2-Prefix.pch";
				GCC_PREPROCESSOR_DEFINITIONS = (
					"DEBUG=1",
					"$(inherited)",
				);
				INFOPLIST_FILE = "MusicQuizV2Tests/MusicQuizV2Tests-Info.plist";
				PRODUCT_NAME = "$(TARGET_NAME)";
				TEST_HOST = "$(BUNDLE_LOADER)";
				WRAPPER_EXTENSION = xctest;
			};
			name = Debug;
		};
		4BCF573A191A1BAE00454799 /* Release */ = {
			isa = XCBuildConfiguration;
			buildSettings = {
				BUNDLE_LOADER = "$(BUILT_PRODUCTS_DIR)/MusicQuizV2.app/MusicQuizV2";
				FRAMEWORK_SEARCH_PATHS = (
					"$(SDKROOT)/Developer/Library/Frameworks",
					"$(inherited)",
					"$(DEVELOPER_FRAMEWORKS_DIR)",
				);
				GCC_PRECOMPILE_PREFIX_HEADER = YES;
				GCC_PREFIX_HEADER = "MusicQuizV2/MusicQuizV2-Prefix.pch";
				INFOPLIST_FILE = "MusicQuizV2Tests/MusicQuizV2Tests-Info.plist";
				PRODUCT_NAME = "$(TARGET_NAME)";
				TEST_HOST = "$(BUNDLE_LOADER)";
				WRAPPER_EXTENSION = xctest;
			};
			name = Release;
		};
/* End XCBuildConfiguration section */

/* Begin XCConfigurationList section */
		4BCF5704191A1BAE00454799 /* Build configuration list for PBXProject "MusicQuizV2" */ = {
			isa = XCConfigurationList;
			buildConfigurations = (
				4BCF5733191A1BAE00454799 /* Debug */,
				4BCF5734191A1BAE00454799 /* Release */,
			);
			defaultConfigurationIsVisible = 0;
			defaultConfigurationName = Release;
		};
		4BCF5735191A1BAE00454799 /* Build configuration list for PBXNativeTarget "MusicQuizV2" */ = {
			isa = XCConfigurationList;
			buildConfigurations = (
				4BCF5736191A1BAE00454799 /* Debug */,
				4BCF5737191A1BAE00454799 /* Release */,
			);
			defaultConfigurationIsVisible = 0;
		};
		4BCF5738191A1BAE00454799 /* Build configuration list for PBXNativeTarget "MusicQuizV2Tests" */ = {
			isa = XCConfigurationList;
			buildConfigurations = (
				4BCF5739191A1BAE00454799 /* Debug */,
				4BCF573A191A1BAE00454799 /* Release */,
			);
			defaultConfigurationIsVisible = 0;
		};
/* End XCConfigurationList section */
	};
	rootObject = 4BCF5701191A1BAE00454799 /* Project object */;
}
